{
  "object": {
    "pins": [
      {
        "package": "Charts",
        "repositoryURL": "https://github.com/danielgindi/Charts",
        "state": {
          "branch": null,
          "revision": "7ac4a05e83d279bac305a472af9128c2a0eca3d7",
          "version": "3.5.0"
        }
      },
      {
        "package": "CSV.swift",
        "repositoryURL": "https://github.com/yaslab/CSV.swift",
        "state": {
          "branch": null,
          "revision": "81d2874c51db364d7e1d71b0d99018a294c87ac1",
          "version": "2.4.3"
        }
      },
      {
        "package": "InfluxData",
        "repositoryURL": "https://github.com/andrewhao/InfluxData-Swift",
        "state": {
          "branch": "master",
          "revision": "ed321824b35a705064db8facab3660f6d63a1cc7",
          "version": null
        }
      },
      {
        "package": "SwiftDate",
        "repositoryURL": "https://github.com/malcommac/SwiftDate",
        "state": {
          "branch": null,
          "revision": "700dde1b3417fd4a7fd2bec9f5bc8ab2de1b96b4",
          "version": "6.1.0"
        }
      }
    ]
  },
  "version": 1
}
